
Microsoft Visual Studio Solution File, Format Version 12.00
# Visual Studio Version 17
VisualStudioVersion = 17.0.31903.59
MinimumVisualStudioVersion = 10.0.40219.1
Project("{FAE04EC0-301F-11D3-BF4B-00C04F79EFBC}") = "TaskServiceMonitor", "TaskServiceMonitor\TaskServiceMonitor.csproj", "{3D1D44E1-7FAB-44C5-8504-777E004E8B91}"
EndProject
Project("{FAE04EC0-301F-11D3-BF4B-00C04F79EFBC}") = "TaskServiceMonitor.Tests", "TaskServiceMonitor.Tests\TaskServiceMonitor.Tests.csproj", "{C83A23D3-F01A-43AE-B3B8-74B916C2E977}"
EndProject
Global
	GlobalSection(SolutionConfigurationPlatforms) = preSolution
		Debug|Any CPU = Debug|Any CPU
		Release|Any CPU = Release|Any CPU
	EndGlobalSection
	GlobalSection(SolutionProperties) = preSolution
		HideSolutionNode = FALSE
	EndGlobalSection
	GlobalSection(ProjectConfigurationPlatforms) = postSolution
		{3D1D44E1-7FAB-44C5-8504-777E004E8B91}.Debug|Any CPU.ActiveCfg = Debug|Any CPU
		{3D1D44E1-7FAB-44C5-8504-777E004E8B91}.Debug|Any CPU.Build.0 = Debug|Any CPU
		{3D1D44E1-7FAB-44C5-8504-777E004E8B91}.Release|Any CPU.ActiveCfg = Release|Any CPU
		{3D1D44E1-7FAB-44C5-8504-777E004E8B91}.Release|Any CPU.Build.0 = Release|Any CPU
		{C83A23D3-F01A-43AE-B3B8-74B916C2E977}.Debug|Any CPU.ActiveCfg = Debug|Any CPU
		{C83A23D3-F01A-43AE-B3B8-74B916C2E977}.Debug|Any CPU.Build.0 = Debug|Any CPU
		{C83A23D3-F01A-43AE-B3B8-74B916C2E977}.Release|Any CPU.ActiveCfg = Release|Any CPU
		{C83A23D3-F01A-43AE-B3B8-74B916C2E977}.Release|Any CPU.Build.0 = Release|Any CPU
	EndGlobalSection
EndGlobal
